{
  "originHash" : "18f49c30135a83bb7476a38d0c6c5d44acd01b08d6a7c78705d615476c38c8eb",
  "pins" : [
    {
      "identity" : "capacitor-swift-pm",
      "kind" : "remoteSourceControl",
      "location" : "https://github.com/ionic-team/capacitor-swift-pm.git",
      "state" : {
        "revision" : "aa5713389a96b9f9c30e73c15d326ab2b0c258d2",
        "version" : "7.6.5"
      }
    }
  ],
  "version" : 3
}
